
Microsoft Visual Studio Solution File, Format Version 12.00
# Visual Studio 15
VisualStudioVersion = 15.0.28307.572
MinimumVisualStudioVersion = 10.0.40219.1
Project("{FAE04EC0-301F-11D3-BF4B-00C04F79EFBC}") = "SpaceShooterCB2", "SpaceShooterCB2\SpaceShooterCB2.csproj", "{F767E831-AA9D-4498-A207-7A2F7F3139AF}"
EndProject
Global
	GlobalSection(SolutionConfigurationPlatforms) = preSolution
		Debug|Any CPU = Debug|Any CPU
		Release|Any CPU = Release|Any CPU
	EndGlobalSection
	GlobalSection(ProjectConfigurationPlatforms) = postSolution
		{F767E831-AA9D-4498-A207-7A2F7F3139AF}.Debug|Any CPU.ActiveCfg = Debug|Any CPU
		{F767E831-AA9D-4498-A207-7A2F7F3139AF}.Debug|Any CPU.Build.0 = Debug|Any CPU
		{F767E831-AA9D-4498-A207-7A2F7F3139AF}.Release|Any CPU.ActiveCfg = Release|Any CPU
		{F767E831-AA9D-4498-A207-7A2F7F3139AF}.Release|Any CPU.Build.0 = Release|Any CPU
	EndGlobalSection
	GlobalSection(SolutionProperties) = preSolution
		HideSolutionNode = FALSE
	EndGlobalSection
	GlobalSection(ExtensibilityGlobals) = postSolution
		SolutionGuid = {E88DF739-66C5-4238-8876-711370FB397B}
	EndGlobalSection
EndGlobal
