
Microsoft Visual Studio Solution File, Format Version 12.00
# Visual Studio 15
VisualStudioVersion = 15.0.28307.572
MinimumVisualStudioVersion = 10.0.40219.1
Project("{FAE04EC0-301F-11D3-BF4B-00C04F79EFBC}") = "SpaceShooterCB2", "SpaceShooterCB2\SpaceShooterCB2.csproj", "{F767E831-AA9D-4498-A207-7A2F7F3139AF}"
EndProject
Project("{FAE04EC0-301F-11D3-BF4B-00C04F79EFBC}") = "SpaceShooterUtilities", "SpaceShooterUtilities\SpaceShooterUtilities.csproj", "{473B293B-05E8-4E9F-ACC6-49257BF4F258}"
EndProject
Project("{FAE04EC0-301F-11D3-BF4B-00C04F79EFBC}") = "SpaceShooterLogic", "SpaceShooterLogic\SpaceShooterLogic.csproj", "{A76CC27F-A50D-413A-A263-422B412302C9}"
EndProject
Project("{FAE04EC0-301F-11D3-BF4B-00C04F79EFBC}") = "GuiControls", "GuiControls\GuiControls.csproj", "{66F72420-0179-40F6-BD39-AAE0ED6926A6}"
EndProject
Project("{FAE04EC0-301F-11D3-BF4B-00C04F79EFBC}") = "GameEngineCore", "GameEngineCore\GameEngineCore.csproj", "{4F83C265-4209-4F99-9780-40CA5034ED77}"
EndProject
Project("{FAE04EC0-301F-11D3-BF4B-00C04F79EFBC}") = "UnitTests", "UnitTests\UnitTests.csproj", "{639BA6F8-6D9B-4C3F-87EC-ABEE9AC20AE4}"
EndProject
Global
	GlobalSection(SolutionConfigurationPlatforms) = preSolution
		Debug|Any CPU = Debug|Any CPU
		Release|Any CPU = Release|Any CPU
	EndGlobalSection
	GlobalSection(ProjectConfigurationPlatforms) = postSolution
		{F767E831-AA9D-4498-A207-7A2F7F3139AF}.Debug|Any CPU.ActiveCfg = Debug|Any CPU
		{F767E831-AA9D-4498-A207-7A2F7F3139AF}.Debug|Any CPU.Build.0 = Debug|Any CPU
		{F767E831-AA9D-4498-A207-7A2F7F3139AF}.Release|Any CPU.ActiveCfg = Release|Any CPU
		{F767E831-AA9D-4498-A207-7A2F7F3139AF}.Release|Any CPU.Build.0 = Release|Any CPU
		{473B293B-05E8-4E9F-ACC6-49257BF4F258}.Debug|Any CPU.ActiveCfg = Debug|Any CPU
		{473B293B-05E8-4E9F-ACC6-49257BF4F258}.Debug|Any CPU.Build.0 = Debug|Any CPU
		{473B293B-05E8-4E9F-ACC6-49257BF4F258}.Release|Any CPU.ActiveCfg = Release|Any CPU
		{473B293B-05E8-4E9F-ACC6-49257BF4F258}.Release|Any CPU.Build.0 = Release|Any CPU
		{A76CC27F-A50D-413A-A263-422B412302C9}.Debug|Any CPU.ActiveCfg = Debug|Any CPU
		{A76CC27F-A50D-413A-A263-422B412302C9}.Debug|Any CPU.Build.0 = Debug|Any CPU
		{A76CC27F-A50D-413A-A263-422B412302C9}.Release|Any CPU.ActiveCfg = Release|Any CPU
		{A76CC27F-A50D-413A-A263-422B412302C9}.Release|Any CPU.Build.0 = Release|Any CPU
		{66F72420-0179-40F6-BD39-AAE0ED6926A6}.Debug|Any CPU.ActiveCfg = Debug|Any CPU
		{66F72420-0179-40F6-BD39-AAE0ED6926A6}.Debug|Any CPU.Build.0 = Debug|Any CPU
		{66F72420-0179-40F6-BD39-AAE0ED6926A6}.Release|Any CPU.ActiveCfg = Release|Any CPU
		{66F72420-0179-40F6-BD39-AAE0ED6926A6}.Release|Any CPU.Build.0 = Release|Any CPU
		{4F83C265-4209-4F99-9780-40CA5034ED77}.Debug|Any CPU.ActiveCfg = Debug|Any CPU
		{4F83C265-4209-4F99-9780-40CA5034ED77}.Debug|Any CPU.Build.0 = Debug|Any CPU
		{4F83C265-4209-4F99-9780-40CA5034ED77}.Release|Any CPU.ActiveCfg = Release|Any CPU
		{4F83C265-4209-4F99-9780-40CA5034ED77}.Release|Any CPU.Build.0 = Release|Any CPU
		{639BA6F8-6D9B-4C3F-87EC-ABEE9AC20AE4}.Debug|Any CPU.ActiveCfg = Debug|Any CPU
		{639BA6F8-6D9B-4C3F-87EC-ABEE9AC20AE4}.Debug|Any CPU.Build.0 = Debug|Any CPU
		{639BA6F8-6D9B-4C3F-87EC-ABEE9AC20AE4}.Release|Any CPU.ActiveCfg = Release|Any CPU
		{639BA6F8-6D9B-4C3F-87EC-ABEE9AC20AE4}.Release|Any CPU.Build.0 = Release|Any CPU
	EndGlobalSection
	GlobalSection(SolutionProperties) = preSolution
		HideSolutionNode = FALSE
	EndGlobalSection
	GlobalSection(ExtensibilityGlobals) = postSolution
		SolutionGuid = {E88DF739-66C5-4238-8876-711370FB397B}
	EndGlobalSection
EndGlobal
